
Microsoft Visual Studio Solution File, Format Version 12.00
# Visual Studio Version 17
VisualStudioVersion = 17.0.31912.275
MinimumVisualStudioVersion = 10.0.40219.1
Project("{2150E333-8FDC-42A3-9474-1A3956D46DE8}") = "src", "src", "{FCB3EDB9-0617-4D69-94D7-176158893646}"
EndProject
Project("{2150E333-8FDC-42A3-9474-1A3956D46DE8}") = "test", "test", "{9631E2FC-5D83-4F02-9CE4-395CFBB833D7}"
EndProject
Project("{9A19103F-16F7-4668-BE54-9A1E7A4F7556}") = "Day1", "src\Day1\Day1.csproj", "{AD7907FC-3759-4329-AFC6-31DEE7BD92B0}"
EndProject
Project("{9A19103F-16F7-4668-BE54-9A1E7A4F7556}") = "Day1Tests", "test\Day1Tests\Day1Tests.csproj", "{32E05F62-0F3A-4104-B01B-753C208B07FF}"
EndProject
Project("{9A19103F-16F7-4668-BE54-9A1E7A4F7556}") = "Day2", "src\Day2\Day2.csproj", "{6D113F7C-0876-410A-B815-28A8495F9BB4}"
EndProject
Project("{9A19103F-16F7-4668-BE54-9A1E7A4F7556}") = "Day2Tests", "test\Day2Tests\Day2Tests.csproj", "{03F71129-A202-4B10-9A1E-4B4BF6ED4D46}"
EndProject
Project("{9A19103F-16F7-4668-BE54-9A1E7A4F7556}") = "Utils", "src\DataLoader\Utils.csproj", "{41760622-ACB2-47DB-890D-E52442E88AFC}"
EndProject
Project("{9A19103F-16F7-4668-BE54-9A1E7A4F7556}") = "UtilsTests", "test\UtilsTests\UtilsTests.csproj", "{497DA31B-3B06-471D-BB65-E0C690F75CD6}"
EndProject
Project("{9A19103F-16F7-4668-BE54-9A1E7A4F7556}") = "Day3", "src\Day3\Day3.csproj", "{785FDE8C-F13B-41B7-8375-8DE28F53295F}"
EndProject
Project("{9A19103F-16F7-4668-BE54-9A1E7A4F7556}") = "Day3Tests", "test\Day3Tests\Day3Tests.csproj", "{73244E82-7162-4692-92B4-E8E9BC877F95}"
EndProject
Project("{2150E333-8FDC-42A3-9474-1A3956D46DE8}") = "Solution Items", "Solution Items", "{E57936B9-07A8-4A42-9FA5-AA3F36717DCF}"
	ProjectSection(SolutionItems) = preProject
		README.md = README.md
	EndProjectSection
EndProject
Global
	GlobalSection(SolutionConfigurationPlatforms) = preSolution
		Debug|Any CPU = Debug|Any CPU
		Release|Any CPU = Release|Any CPU
	EndGlobalSection
	GlobalSection(ProjectConfigurationPlatforms) = postSolution
		{AD7907FC-3759-4329-AFC6-31DEE7BD92B0}.Debug|Any CPU.ActiveCfg = Debug|Any CPU
		{AD7907FC-3759-4329-AFC6-31DEE7BD92B0}.Debug|Any CPU.Build.0 = Debug|Any CPU
		{AD7907FC-3759-4329-AFC6-31DEE7BD92B0}.Release|Any CPU.ActiveCfg = Release|Any CPU
		{AD7907FC-3759-4329-AFC6-31DEE7BD92B0}.Release|Any CPU.Build.0 = Release|Any CPU
		{32E05F62-0F3A-4104-B01B-753C208B07FF}.Debug|Any CPU.ActiveCfg = Debug|Any CPU
		{32E05F62-0F3A-4104-B01B-753C208B07FF}.Debug|Any CPU.Build.0 = Debug|Any CPU
		{32E05F62-0F3A-4104-B01B-753C208B07FF}.Release|Any CPU.ActiveCfg = Release|Any CPU
		{32E05F62-0F3A-4104-B01B-753C208B07FF}.Release|Any CPU.Build.0 = Release|Any CPU
		{6D113F7C-0876-410A-B815-28A8495F9BB4}.Debug|Any CPU.ActiveCfg = Debug|Any CPU
		{6D113F7C-0876-410A-B815-28A8495F9BB4}.Debug|Any CPU.Build.0 = Debug|Any CPU
		{6D113F7C-0876-410A-B815-28A8495F9BB4}.Release|Any CPU.ActiveCfg = Release|Any CPU
		{6D113F7C-0876-410A-B815-28A8495F9BB4}.Release|Any CPU.Build.0 = Release|Any CPU
		{03F71129-A202-4B10-9A1E-4B4BF6ED4D46}.Debug|Any CPU.ActiveCfg = Debug|Any CPU
		{03F71129-A202-4B10-9A1E-4B4BF6ED4D46}.Debug|Any CPU.Build.0 = Debug|Any CPU
		{03F71129-A202-4B10-9A1E-4B4BF6ED4D46}.Release|Any CPU.ActiveCfg = Release|Any CPU
		{03F71129-A202-4B10-9A1E-4B4BF6ED4D46}.Release|Any CPU.Build.0 = Release|Any CPU
		{41760622-ACB2-47DB-890D-E52442E88AFC}.Debug|Any CPU.ActiveCfg = Debug|Any CPU
		{41760622-ACB2-47DB-890D-E52442E88AFC}.Debug|Any CPU.Build.0 = Debug|Any CPU
		{41760622-ACB2-47DB-890D-E52442E88AFC}.Release|Any CPU.ActiveCfg = Release|Any CPU
		{41760622-ACB2-47DB-890D-E52442E88AFC}.Release|Any CPU.Build.0 = Release|Any CPU
		{497DA31B-3B06-471D-BB65-E0C690F75CD6}.Debug|Any CPU.ActiveCfg = Debug|Any CPU
		{497DA31B-3B06-471D-BB65-E0C690F75CD6}.Debug|Any CPU.Build.0 = Debug|Any CPU
		{497DA31B-3B06-471D-BB65-E0C690F75CD6}.Release|Any CPU.ActiveCfg = Release|Any CPU
		{497DA31B-3B06-471D-BB65-E0C690F75CD6}.Release|Any CPU.Build.0 = Release|Any CPU
		{785FDE8C-F13B-41B7-8375-8DE28F53295F}.Debug|Any CPU.ActiveCfg = Debug|Any CPU
		{785FDE8C-F13B-41B7-8375-8DE28F53295F}.Debug|Any CPU.Build.0 = Debug|Any CPU
		{785FDE8C-F13B-41B7-8375-8DE28F53295F}.Release|Any CPU.ActiveCfg = Release|Any CPU
		{785FDE8C-F13B-41B7-8375-8DE28F53295F}.Release|Any CPU.Build.0 = Release|Any CPU
		{73244E82-7162-4692-92B4-E8E9BC877F95}.Debug|Any CPU.ActiveCfg = Debug|Any CPU
		{73244E82-7162-4692-92B4-E8E9BC877F95}.Debug|Any CPU.Build.0 = Debug|Any CPU
		{73244E82-7162-4692-92B4-E8E9BC877F95}.Release|Any CPU.ActiveCfg = Release|Any CPU
		{73244E82-7162-4692-92B4-E8E9BC877F95}.Release|Any CPU.Build.0 = Release|Any CPU
	EndGlobalSection
	GlobalSection(SolutionProperties) = preSolution
		HideSolutionNode = FALSE
	EndGlobalSection
	GlobalSection(NestedProjects) = preSolution
		{AD7907FC-3759-4329-AFC6-31DEE7BD92B0} = {FCB3EDB9-0617-4D69-94D7-176158893646}
		{32E05F62-0F3A-4104-B01B-753C208B07FF} = {9631E2FC-5D83-4F02-9CE4-395CFBB833D7}
		{6D113F7C-0876-410A-B815-28A8495F9BB4} = {FCB3EDB9-0617-4D69-94D7-176158893646}
		{03F71129-A202-4B10-9A1E-4B4BF6ED4D46} = {9631E2FC-5D83-4F02-9CE4-395CFBB833D7}
		{41760622-ACB2-47DB-890D-E52442E88AFC} = {FCB3EDB9-0617-4D69-94D7-176158893646}
		{497DA31B-3B06-471D-BB65-E0C690F75CD6} = {9631E2FC-5D83-4F02-9CE4-395CFBB833D7}
		{785FDE8C-F13B-41B7-8375-8DE28F53295F} = {FCB3EDB9-0617-4D69-94D7-176158893646}
		{73244E82-7162-4692-92B4-E8E9BC877F95} = {9631E2FC-5D83-4F02-9CE4-395CFBB833D7}
	EndGlobalSection
	GlobalSection(ExtensibilityGlobals) = postSolution
		SolutionGuid = {5B92F0EC-38F4-40AD-9CEE-AE64274987A7}
	EndGlobalSection
EndGlobal
